
Microsoft Visual Studio Solution File, Format Version 12.00
# Visual Studio Version 16
VisualStudioVersion = 16.0.30517.126
MinimumVisualStudioVersion = 10.0.40219.1
Project("{FAE04EC0-301F-11D3-BF4B-00C04F79EFBC}") = "PANOBOOKINGTAXI.UWP", "PANOBOOKINGTAXI.UWP\PANOBOOKINGTAXI.UWP.csproj", "{86F9AB2A-CC9E-42C4-ACA1-69CDD1653281}"
EndProject
Project("{FAE04EC0-301F-11D3-BF4B-00C04F79EFBC}") = "PANOBOOKINGTAXI.Android", "PANOBOOKINGTAXI.Android\PANOBOOKINGTAXI.Android.csproj", "{32D5DFE7-AB42-428D-BC43-010059662280}"
EndProject
Project("{FAE04EC0-301F-11D3-BF4B-00C04F79EFBC}") = "PANOBOOKINGTAXI.iOS", "PANOBOOKINGTAXI.iOS\PANOBOOKINGTAXI.iOS.csproj", "{105CAA50-E0B1-48A3-AB1B-11226EFF2264}"
EndProject
Project("{9A19103F-16F7-4668-BE54-9A1E7A4F7556}") = "PANOBOOKINGTAXI", "PANOBOOKINGTAXI\PANOBOOKINGTAXI.csproj", "{116757C2-D441-4B26-9CDA-505B8664495B}"
EndProject
Project("{2150E333-8FDC-42A3-9474-1A3956D46DE8}") = "Solution Items", "Solution Items", "{4882E4DA-9D45-4476-9481-A4BC6B247CE2}"
	ProjectSection(SolutionItems) = preProject
		.editorconfig = .editorconfig
	EndProjectSection
EndProject
Global
	GlobalSection(SolutionConfigurationPlatforms) = preSolution
		Debug|Any CPU = Debug|Any CPU
		Debug|ARM = Debug|ARM
		Debug|iPhone = Debug|iPhone
		Debug|iPhoneSimulator = Debug|iPhoneSimulator
		Debug|x64 = Debug|x64
		Debug|x86 = Debug|x86
		Release|Any CPU = Release|Any CPU
		Release|ARM = Release|ARM
		Release|iPhone = Release|iPhone
		Release|iPhoneSimulator = Release|iPhoneSimulator
		Release|x64 = Release|x64
		Release|x86 = Release|x86
	EndGlobalSection
	GlobalSection(ProjectConfigurationPlatforms) = postSolution
		{86F9AB2A-CC9E-42C4-ACA1-69CDD1653281}.Debug|Any CPU.ActiveCfg = Debug|x86
		{86F9AB2A-CC9E-42C4-ACA1-69CDD1653281}.Debug|Any CPU.Build.0 = Debug|x86
		{86F9AB2A-CC9E-42C4-ACA1-69CDD1653281}.Debug|Any CPU.Deploy.0 = Debug|x86
		{86F9AB2A-CC9E-42C4-ACA1-69CDD1653281}.Debug|ARM.ActiveCfg = Debug|ARM
		{86F9AB2A-CC9E-42C4-ACA1-69CDD1653281}.Debug|ARM.Build.0 = Debug|ARM
		{86F9AB2A-CC9E-42C4-ACA1-69CDD1653281}.Debug|ARM.Deploy.0 = Debug|ARM
		{86F9AB2A-CC9E-42C4-ACA1-69CDD1653281}.Debug|iPhone.ActiveCfg = Debug|x86
		{86F9AB2A-CC9E-42C4-ACA1-69CDD1653281}.Debug|iPhone.Build.0 = Debug|x86
		{86F9AB2A-CC9E-42C4-ACA1-69CDD1653281}.Debug|iPhone.Deploy.0 = Debug|x86
		{86F9AB2A-CC9E-42C4-ACA1-69CDD1653281}.Debug|iPhoneSimulator.ActiveCfg = Debug|x86
		{86F9AB2A-CC9E-42C4-ACA1-69CDD1653281}.Debug|iPhoneSimulator.Build.0 = Debug|x86
		{86F9AB2A-CC9E-42C4-ACA1-69CDD1653281}.Debug|iPhoneSimulator.Deploy.0 = Debug|x86
		{86F9AB2A-CC9E-42C4-ACA1-69CDD1653281}.Debug|x64.ActiveCfg = Debug|x64
		{86F9AB2A-CC9E-42C4-ACA1-69CDD1653281}.Debug|x64.Build.0 = Debug|x64
		{86F9AB2A-CC9E-42C4-ACA1-69CDD1653281}.Debug|x64.Deploy.0 = Debug|x64
		{86F9AB2A-CC9E-42C4-ACA1-69CDD1653281}.Debug|x86.ActiveCfg = Debug|x86
		{86F9AB2A-CC9E-42C4-ACA1-69CDD1653281}.Debug|x86.Build.0 = Debug|x86
		{86F9AB2A-CC9E-42C4-ACA1-69CDD1653281}.Debug|x86.Deploy.0 = Debug|x86
		{86F9AB2A-CC9E-42C4-ACA1-69CDD1653281}.Release|Any CPU.ActiveCfg = Release|x86
		{86F9AB2A-CC9E-42C4-ACA1-69CDD1653281}.Release|Any CPU.Build.0 = Release|x86
		{86F9AB2A-CC9E-42C4-ACA1-69CDD1653281}.Release|Any CPU.Deploy.0 = Release|x86
		{86F9AB2A-CC9E-42C4-ACA1-69CDD1653281}.Release|ARM.ActiveCfg = Release|ARM
		{86F9AB2A-CC9E-42C4-ACA1-69CDD1653281}.Release|ARM.Build.0 = Release|ARM
		{86F9AB2A-CC9E-42C4-ACA1-69CDD1653281}.Release|ARM.Deploy.0 = Release|ARM
		{86F9AB2A-CC9E-42C4-ACA1-69CDD1653281}.Release|iPhone.ActiveCfg = Release|x86
		{86F9AB2A-CC9E-42C4-ACA1-69CDD1653281}.Release|iPhone.Build.0 = Release|x86
		{86F9AB2A-CC9E-42C4-ACA1-69CDD1653281}.Release|iPhone.Deploy.0 = Release|x86
		{86F9AB2A-CC9E-42C4-ACA1-69CDD1653281}.Release|iPhoneSimulator.ActiveCfg = Release|x86
		{86F9AB2A-CC9E-42C4-ACA1-69CDD1653281}.Release|iPhoneSimulator.Build.0 = Release|x86
		{86F9AB2A-CC9E-42C4-ACA1-69CDD1653281}.Release|iPhoneSimulator.Deploy.0 = Release|x86
		{86F9AB2A-CC9E-42C4-ACA1-69CDD1653281}.Release|x64.ActiveCfg = Release|x64
		{86F9AB2A-CC9E-42C4-ACA1-69CDD1653281}.Release|x64.Build.0 = Release|x64
		{86F9AB2A-CC9E-42C4-ACA1-69CDD1653281}.Release|x64.Deploy.0 = Release|x64
		{86F9AB2A-CC9E-42C4-ACA1-69CDD1653281}.Release|x86.ActiveCfg = Release|x86
		{86F9AB2A-CC9E-42C4-ACA1-69CDD1653281}.Release|x86.Build.0 = Release|x86
		{86F9AB2A-CC9E-42C4-ACA1-69CDD1653281}.Release|x86.Deploy.0 = Release|x86
		{32D5DFE7-AB42-428D-BC43-010059662280}.Debug|Any CPU.ActiveCfg = Debug|Any CPU
		{32D5DFE7-AB42-428D-BC43-010059662280}.Debug|Any CPU.Build.0 = Debug|Any CPU
		{32D5DFE7-AB42-428D-BC43-010059662280}.Debug|Any CPU.Deploy.0 = Debug|Any CPU
		{32D5DFE7-AB42-428D-BC43-010059662280}.Debug|ARM.ActiveCfg = Debug|Any CPU
		{32D5DFE7-AB42-428D-BC43-010059662280}.Debug|ARM.Build.0 = Debug|Any CPU
		{32D5DFE7-AB42-428D-BC43-010059662280}.Debug|ARM.Deploy.0 = Debug|Any CPU
		{32D5DFE7-AB42-428D-BC43-010059662280}.Debug|iPhone.ActiveCfg = Debug|Any CPU
		{32D5DFE7-AB42-428D-BC43-010059662280}.Debug|iPhone.Build.0 = Debug|Any CPU
		{32D5DFE7-AB42-428D-BC43-010059662280}.Debug|iPhone.Deploy.0 = Debug|Any CPU
		{32D5DFE7-AB42-428D-BC43-010059662280}.Debug|iPhoneSimulator.ActiveCfg = Debug|Any CPU
		{32D5DFE7-AB42-428D-BC43-010059662280}.Debug|iPhoneSimulator.Build.0 = Debug|Any CPU
		{32D5DFE7-AB42-428D-BC43-010059662280}.Debug|iPhoneSimulator.Deploy.0 = Debug|Any CPU
		{32D5DFE7-AB42-428D-BC43-010059662280}.Debug|x64.ActiveCfg = Debug|Any CPU
		{32D5DFE7-AB42-428D-BC43-010059662280}.Debug|x64.Build.0 = Debug|Any CPU
		{32D5DFE7-AB42-428D-BC43-010059662280}.Debug|x64.Deploy.0 = Debug|Any CPU
		{32D5DFE7-AB42-428D-BC43-010059662280}.Debug|x86.ActiveCfg = Debug|Any CPU
		{32D5DFE7-AB42-428D-BC43-010059662280}.Debug|x86.Build.0 = Debug|Any CPU
		{32D5DFE7-AB42-428D-BC43-010059662280}.Debug|x86.Deploy.0 = Debug|Any CPU
		{32D5DFE7-AB42-428D-BC43-010059662280}.Release|Any CPU.ActiveCfg = Release|Any CPU
		{32D5DFE7-AB42-428D-BC43-010059662280}.Release|Any CPU.Build.0 = Release|Any CPU
		{32D5DFE7-AB42-428D-BC43-010059662280}.Release|Any CPU.Deploy.0 = Release|Any CPU
		{32D5DFE7-AB42-428D-BC43-010059662280}.Release|ARM.ActiveCfg = Release|Any CPU
		{32D5DFE7-AB42-428D-BC43-010059662280}.Release|ARM.Build.0 = Release|Any CPU
		{32D5DFE7-AB42-428D-BC43-010059662280}.Release|ARM.Deploy.0 = Release|Any CPU
		{32D5DFE7-AB42-428D-BC43-010059662280}.Release|iPhone.ActiveCfg = Release|Any CPU
		{32D5DFE7-AB42-428D-BC43-010059662280}.Release|iPhone.Build.0 = Release|Any CPU
		{32D5DFE7-AB42-428D-BC43-010059662280}.Release|iPhone.Deploy.0 = Release|Any CPU
		{32D5DFE7-AB42-428D-BC43-010059662280}.Release|iPhoneSimulator.ActiveCfg = Release|Any CPU
		{32D5DFE7-AB42-428D-BC43-010059662280}.Release|iPhoneSimulator.Build.0 = Release|Any CPU
		{32D5DFE7-AB42-428D-BC43-010059662280}.Release|iPhoneSimulator.Deploy.0 = Release|Any CPU
		{32D5DFE7-AB42-428D-BC43-010059662280}.Release|x64.ActiveCfg = Release|Any CPU
		{32D5DFE7-AB42-428D-BC43-010059662280}.Release|x64.Build.0 = Release|Any CPU
		{32D5DFE7-AB42-428D-BC43-010059662280}.Release|x64.Deploy.0 = Release|Any CPU
		{32D5DFE7-AB42-428D-BC43-010059662280}.Release|x86.ActiveCfg = Release|Any CPU
		{32D5DFE7-AB42-428D-BC43-010059662280}.Release|x86.Build.0 = Release|Any CPU
		{32D5DFE7-AB42-428D-BC43-010059662280}.Release|x86.Deploy.0 = Release|Any CPU
		{105CAA50-E0B1-48A3-AB1B-11226EFF2264}.Debug|Any CPU.ActiveCfg = Debug|iPhoneSimulator
		{105CAA50-E0B1-48A3-AB1B-11226EFF2264}.Debug|Any CPU.Build.0 = Debug|iPhoneSimulator
		{105CAA50-E0B1-48A3-AB1B-11226EFF2264}.Debug|Any CPU.Deploy.0 = Debug|iPhoneSimulator
		{105CAA50-E0B1-48A3-AB1B-11226EFF2264}.Debug|ARM.ActiveCfg = Debug|iPhone
		{105CAA50-E0B1-48A3-AB1B-11226EFF2264}.Debug|ARM.Build.0 = Debug|iPhone
		{105CAA50-E0B1-48A3-AB1B-11226EFF2264}.Debug|ARM.Deploy.0 = Debug|iPhone
		{105CAA50-E0B1-48A3-AB1B-11226EFF2264}.Debug|iPhone.ActiveCfg = Debug|iPhone
		{105CAA50-E0B1-48A3-AB1B-11226EFF2264}.Debug|iPhone.Build.0 = Debug|iPhone
		{105CAA50-E0B1-48A3-AB1B-11226EFF2264}.Debug|iPhone.Deploy.0 = Debug|iPhone
		{105CAA50-E0B1-48A3-AB1B-11226EFF2264}.Debug|iPhoneSimulator.ActiveCfg = Debug|iPhoneSimulator
		{105CAA50-E0B1-48A3-AB1B-11226EFF2264}.Debug|iPhoneSimulator.Build.0 = Debug|iPhoneSimulator
		{105CAA50-E0B1-48A3-AB1B-11226EFF2264}.Debug|iPhoneSimulator.Deploy.0 = Debug|iPhoneSimulator
		{105CAA50-E0B1-48A3-AB1B-11226EFF2264}.Debug|x64.ActiveCfg = Debug|iPhoneSimulator
		{105CAA50-E0B1-48A3-AB1B-11226EFF2264}.Debug|x64.Build.0 = Debug|iPhoneSimulator
		{105CAA50-E0B1-48A3-AB1B-11226EFF2264}.Debug|x64.Deploy.0 = Debug|iPhoneSimulator
		{105CAA50-E0B1-48A3-AB1B-11226EFF2264}.Debug|x86.ActiveCfg = Debug|iPhoneSimulator
		{105CAA50-E0B1-48A3-AB1B-11226EFF2264}.Debug|x86.Build.0 = Debug|iPhoneSimulator
		{105CAA50-E0B1-48A3-AB1B-11226EFF2264}.Debug|x86.Deploy.0 = Debug|iPhoneSimulator
		{105CAA50-E0B1-48A3-AB1B-11226EFF2264}.Release|Any CPU.ActiveCfg = Release|iPhoneSimulator
		{105CAA50-E0B1-48A3-AB1B-11226EFF2264}.Release|Any CPU.Build.0 = Release|iPhoneSimulator
		{105CAA50-E0B1-48A3-AB1B-11226EFF2264}.Release|Any CPU.Deploy.0 = Release|iPhoneSimulator
		{105CAA50-E0B1-48A3-AB1B-11226EFF2264}.Release|ARM.ActiveCfg = Release|iPhoneSimulator
		{105CAA50-E0B1-48A3-AB1B-11226EFF2264}.Release|ARM.Build.0 = Release|iPhoneSimulator
		{105CAA50-E0B1-48A3-AB1B-11226EFF2264}.Release|ARM.Deploy.0 = Release|iPhoneSimulator
		{105CAA50-E0B1-48A3-AB1B-11226EFF2264}.Release|iPhone.ActiveCfg = Release|iPhone
		{105CAA50-E0B1-48A3-AB1B-11226EFF2264}.Release|iPhone.Build.0 = Release|iPhone
		{105CAA50-E0B1-48A3-AB1B-11226EFF2264}.Release|iPhone.Deploy.0 = Release|iPhone
		{105CAA50-E0B1-48A3-AB1B-11226EFF2264}.Release|iPhoneSimulator.ActiveCfg = Release|iPhoneSimulator
		{105CAA50-E0B1-48A3-AB1B-11226EFF2264}.Release|iPhoneSimulator.Build.0 = Release|iPhoneSimulator
		{105CAA50-E0B1-48A3-AB1B-11226EFF2264}.Release|iPhoneSimulator.Deploy.0 = Release|iPhoneSimulator
		{105CAA50-E0B1-48A3-AB1B-11226EFF2264}.Release|x64.ActiveCfg = Release|iPhoneSimulator
		{105CAA50-E0B1-48A3-AB1B-11226EFF2264}.Release|x64.Build.0 = Release|iPhoneSimulator
		{105CAA50-E0B1-48A3-AB1B-11226EFF2264}.Release|x64.Deploy.0 = Release|iPhoneSimulator
		{105CAA50-E0B1-48A3-AB1B-11226EFF2264}.Release|x86.ActiveCfg = Release|iPhoneSimulator
		{105CAA50-E0B1-48A3-AB1B-11226EFF2264}.Release|x86.Build.0 = Release|iPhoneSimulator
		{105CAA50-E0B1-48A3-AB1B-11226EFF2264}.Release|x86.Deploy.0 = Release|iPhoneSimulator
		{116757C2-D441-4B26-9CDA-505B8664495B}.Debug|Any CPU.ActiveCfg = Debug|Any CPU
		{116757C2-D441-4B26-9CDA-505B8664495B}.Debug|Any CPU.Build.0 = Debug|Any CPU
		{116757C2-D441-4B26-9CDA-505B8664495B}.Debug|Any CPU.Deploy.0 = Debug|Any CPU
		{116757C2-D441-4B26-9CDA-505B8664495B}.Debug|ARM.ActiveCfg = Debug|Any CPU
		{116757C2-D441-4B26-9CDA-505B8664495B}.Debug|ARM.Build.0 = Debug|Any CPU
		{116757C2-D441-4B26-9CDA-505B8664495B}.Debug|ARM.Deploy.0 = Debug|Any CPU
		{116757C2-D441-4B26-9CDA-505B8664495B}.Debug|iPhone.ActiveCfg = Debug|Any CPU
		{116757C2-D441-4B26-9CDA-505B8664495B}.Debug|iPhone.Build.0 = Debug|Any CPU
		{116757C2-D441-4B26-9CDA-505B8664495B}.Debug|iPhone.Deploy.0 = Debug|Any CPU
		{116757C2-D441-4B26-9CDA-505B8664495B}.Debug|iPhoneSimulator.ActiveCfg = Debug|Any CPU
		{116757C2-D441-4B26-9CDA-505B8664495B}.Debug|iPhoneSimulator.Build.0 = Debug|Any CPU
		{116757C2-D441-4B26-9CDA-505B8664495B}.Debug|iPhoneSimulator.Deploy.0 = Debug|Any CPU
		{116757C2-D441-4B26-9CDA-505B8664495B}.Debug|x64.ActiveCfg = Debug|Any CPU
		{116757C2-D441-4B26-9CDA-505B8664495B}.Debug|x64.Build.0 = Debug|Any CPU
		{116757C2-D441-4B26-9CDA-505B8664495B}.Debug|x64.Deploy.0 = Debug|Any CPU
		{116757C2-D441-4B26-9CDA-505B8664495B}.Debug|x86.ActiveCfg = Debug|Any CPU
		{116757C2-D441-4B26-9CDA-505B8664495B}.Debug|x86.Build.0 = Debug|Any CPU
		{116757C2-D441-4B26-9CDA-505B8664495B}.Debug|x86.Deploy.0 = Debug|Any CPU
		{116757C2-D441-4B26-9CDA-505B8664495B}.Release|Any CPU.ActiveCfg = Release|Any CPU
		{116757C2-D441-4B26-9CDA-505B8664495B}.Release|Any CPU.Build.0 = Release|Any CPU
		{116757C2-D441-4B26-9CDA-505B8664495B}.Release|Any CPU.Deploy.0 = Release|Any CPU
		{116757C2-D441-4B26-9CDA-505B8664495B}.Release|ARM.ActiveCfg = Release|Any CPU
		{116757C2-D441-4B26-9CDA-505B8664495B}.Release|ARM.Build.0 = Release|Any CPU
		{116757C2-D441-4B26-9CDA-505B8664495B}.Release|ARM.Deploy.0 = Release|Any CPU
		{116757C2-D441-4B26-9CDA-505B8664495B}.Release|iPhone.ActiveCfg = Release|Any CPU
		{116757C2-D441-4B26-9CDA-505B8664495B}.Release|iPhone.Build.0 = Release|Any CPU
		{116757C2-D441-4B26-9CDA-505B8664495B}.Release|iPhone.Deploy.0 = Release|Any CPU
		{116757C2-D441-4B26-9CDA-505B8664495B}.Release|iPhoneSimulator.ActiveCfg = Release|Any CPU
		{116757C2-D441-4B26-9CDA-505B8664495B}.Release|iPhoneSimulator.Build.0 = Release|Any CPU
		{116757C2-D441-4B26-9CDA-505B8664495B}.Release|iPhoneSimulator.Deploy.0 = Release|Any CPU
		{116757C2-D441-4B26-9CDA-505B8664495B}.Release|x64.ActiveCfg = Release|Any CPU
		{116757C2-D441-4B26-9CDA-505B8664495B}.Release|x64.Build.0 = Release|Any CPU
		{116757C2-D441-4B26-9CDA-505B8664495B}.Release|x64.Deploy.0 = Release|Any CPU
		{116757C2-D441-4B26-9CDA-505B8664495B}.Release|x86.ActiveCfg = Release|Any CPU
		{116757C2-D441-4B26-9CDA-505B8664495B}.Release|x86.Build.0 = Release|Any CPU
		{116757C2-D441-4B26-9CDA-505B8664495B}.Release|x86.Deploy.0 = Release|Any CPU
	EndGlobalSection
	GlobalSection(SolutionProperties) = preSolution
		HideSolutionNode = FALSE
	EndGlobalSection
	GlobalSection(ExtensibilityGlobals) = postSolution
		SolutionGuid = {0EB96539-5D1C-4CD6-B3EA-DFF887EC13EF}
	EndGlobalSection
EndGlobal
